
Microsoft Visual Studio Solution File, Format Version 12.00
# Visual Studio 2012
Project("{D954291E-2A0B-460D-934E-DC6B0785DB48}") = "SoufanWeatherStation", "SoufanWeatherStation\SoufanWeatherStation.shproj", "{6B8F60B7-37D4-4861-BCF4-992C0C4AF9CC}"
EndProject
Project("{FAE04EC0-301F-11D3-BF4B-00C04F79EFBC}") = "SoufanWeatherStation.iOS", "iOS\SoufanWeatherStation.iOS.csproj", "{A94994F4-9A1F-4961-B9A0-1AC289206D9F}"
EndProject
Project("{FAE04EC0-301F-11D3-BF4B-00C04F79EFBC}") = "SoufanWeatherStation.Droid", "Droid\SoufanWeatherStation.Droid.csproj", "{E4428588-F5FE-43FD-8D70-FCBC3A548CE7}"
EndProject
Global
	GlobalSection(SolutionConfigurationPlatforms) = preSolution
		Debug|iPhoneSimulator = Debug|iPhoneSimulator
		Release|iPhone = Release|iPhone
		Release|iPhoneSimulator = Release|iPhoneSimulator
		Debug|iPhone = Debug|iPhone
		Debug|Any CPU = Debug|Any CPU
		Release|Any CPU = Release|Any CPU
	EndGlobalSection
	GlobalSection(ProjectConfigurationPlatforms) = postSolution
		{A94994F4-9A1F-4961-B9A0-1AC289206D9F}.Debug|iPhoneSimulator.ActiveCfg = Debug|iPhoneSimulator
		{A94994F4-9A1F-4961-B9A0-1AC289206D9F}.Debug|iPhoneSimulator.Build.0 = Debug|iPhoneSimulator
		{A94994F4-9A1F-4961-B9A0-1AC289206D9F}.Release|iPhone.ActiveCfg = Release|iPhone
		{A94994F4-9A1F-4961-B9A0-1AC289206D9F}.Release|iPhone.Build.0 = Release|iPhone
		{A94994F4-9A1F-4961-B9A0-1AC289206D9F}.Release|iPhoneSimulator.ActiveCfg = Release|iPhoneSimulator
		{A94994F4-9A1F-4961-B9A0-1AC289206D9F}.Release|iPhoneSimulator.Build.0 = Release|iPhoneSimulator
		{A94994F4-9A1F-4961-B9A0-1AC289206D9F}.Debug|iPhone.ActiveCfg = Debug|iPhone
		{A94994F4-9A1F-4961-B9A0-1AC289206D9F}.Debug|iPhone.Build.0 = Debug|iPhone
		{A94994F4-9A1F-4961-B9A0-1AC289206D9F}.Debug|Any CPU.ActiveCfg = Debug|iPhoneSimulator
		{A94994F4-9A1F-4961-B9A0-1AC289206D9F}.Debug|Any CPU.Build.0 = Debug|iPhoneSimulator
		{A94994F4-9A1F-4961-B9A0-1AC289206D9F}.Release|Any CPU.ActiveCfg = Release|iPhone
		{A94994F4-9A1F-4961-B9A0-1AC289206D9F}.Release|Any CPU.Build.0 = Release|iPhone
		{E4428588-F5FE-43FD-8D70-FCBC3A548CE7}.Debug|iPhoneSimulator.ActiveCfg = Debug|Any CPU
		{E4428588-F5FE-43FD-8D70-FCBC3A548CE7}.Debug|iPhoneSimulator.Build.0 = Debug|Any CPU
		{E4428588-F5FE-43FD-8D70-FCBC3A548CE7}.Release|iPhone.ActiveCfg = Release|Any CPU
		{E4428588-F5FE-43FD-8D70-FCBC3A548CE7}.Release|iPhone.Build.0 = Release|Any CPU
		{E4428588-F5FE-43FD-8D70-FCBC3A548CE7}.Release|iPhoneSimulator.ActiveCfg = Release|Any CPU
		{E4428588-F5FE-43FD-8D70-FCBC3A548CE7}.Release|iPhoneSimulator.Build.0 = Release|Any CPU
		{E4428588-F5FE-43FD-8D70-FCBC3A548CE7}.Debug|iPhone.ActiveCfg = Debug|Any CPU
		{E4428588-F5FE-43FD-8D70-FCBC3A548CE7}.Debug|iPhone.Build.0 = Debug|Any CPU
		{E4428588-F5FE-43FD-8D70-FCBC3A548CE7}.Debug|Any CPU.ActiveCfg = Debug|Any CPU
		{E4428588-F5FE-43FD-8D70-FCBC3A548CE7}.Debug|Any CPU.Build.0 = Debug|Any CPU
		{E4428588-F5FE-43FD-8D70-FCBC3A548CE7}.Release|Any CPU.ActiveCfg = Release|Any CPU
		{E4428588-F5FE-43FD-8D70-FCBC3A548CE7}.Release|Any CPU.Build.0 = Release|Any CPU
	EndGlobalSection
EndGlobal
